<?xml version="1.0" encoding="utf-8"?>
<Project ToolsVersion="4.0" xmlns="http://schemas.microsoft.com/developer/msbuild/2003">
  <ItemGroup>
    <Filter Include="Dependencies">
      <UniqueIdentifier>{c7d275b9-516c-44ac-9dc7-cdf7b5b72e9d}</UniqueIdentifier>
    </Filter>
    <Filter Include="Shader Files">
      <UniqueIdentifier>{6b59f06a-19df-4780-8910-234f301267c1}</UniqueIdentifier>
    </Filter>
    <Filter Include="Engine Source">
      <UniqueIdentifier>{4FC737F1-C7A5-4376-A066-2A32D752A2FF}</UniqueIdentifier>
      <Extensions>cpp;c;cc;cxx;c++;cppm;ixx;def;odl;idl;hpj;bat;asm;asmx</Extensions>
    </Filter>
    <Filter Include="Dependencies\ImGui">
      <UniqueIdentifier>{3c3fe384-15b0-44aa-98b7-8df61066bb98}</UniqueIdentifier>
    </Filter>
    <Filter Include="Engine Source\ImGui">
      <UniqueIdentifier>{0ecf4e2a-ad35-4bcf-a0ba-a8d128f6b9f4}</UniqueIdentifier>
    </Filter>
    <Filter Include="Engine Headers">
      <UniqueIdentifier>{93995380-89BD-4b04-88EB-625FBE52EBFB}</UniqueIdentifier>
      <Extensions>h;hh;hpp;hxx;h++;hm;inl;inc;ipp;xsd</Extensions>
    </Filter>
  </ItemGroup>
  <ItemGroup>
    <ClCompile Include="src\main.cpp">
      <Filter>Engine Source</Filter>
    </ClCompile>
    <ClCompile Include="src\glad.c">
      <Filter>Dependencies</Filter>
    </ClCompile>
    <ClCompile Include="include\imgui\imgui_demo.cpp">
      <Filter>Engine Source\ImGui</Filter>
    </ClCompile>
    <ClCompile Include="include\imgui\imgui_draw.cpp">
      <Filter>Engine Source\ImGui</Filter>
    </ClCompile>
    <ClCompile Include="include\imgui\imgui_impl_glfw.cpp">
      <Filter>Engine Source\ImGui</Filter>
    </ClCompile>
    <ClCompile Include="include\imgui\imgui_impl_opengl3.cpp">
      <Filter>Engine Source\ImGui</Filter>
    </ClCompile>
    <ClCompile Include="include\imgui\imgui_tables.cpp">
      <Filter>Engine Source\ImGui</Filter>
    </ClCompile>
    <ClCompile Include="include\imgui\imgui_widgets.cpp">
      <Filter>Engine Source\ImGui</Filter>
    </ClCompile>
    <ClCompile Include="include\imgui\imgui.cpp">
      <Filter>Engine Source\ImGui</Filter>
    </ClCompile>
    <ClCompile Include="src\shader.cpp">
      <Filter>Engine Source</Filter>
    </ClCompile>
    <ClCompile Include="src\camera.cpp">
      <Filter>Engine Source</Filter>
    </ClCompile>
    <ClCompile Include="src\mesh.cpp">
      <Filter>Engine Source</Filter>
    </ClCompile>
    <ClCompile Include="src\model.cpp">
      <Filter>Engine Source</Filter>
    </ClCompile>
    <ClCompile Include="src\input.cpp">
      <Filter>Engine Source</Filter>
    </ClCompile>
  </ItemGroup>
  <ItemGroup>
    <ClInclude Include="src\shader.h">
      <Filter>Engine Headers</Filter>
    </ClInclude>
    <ClInclude Include="src\camera.h">
      <Filter>Engine Headers</Filter>
    </ClInclude>
    <ClInclude Include="src\input.h">
      <Filter>Engine Headers</Filter>
    </ClInclude>
    <ClInclude Include="src\mesh.h">
      <Filter>Engine Headers</Filter>
    </ClInclude>
    <ClInclude Include="src\model.h">
      <Filter>Engine Headers</Filter>
    </ClInclude>
    <ClInclude Include="include\imgui\imgui.h">
      <Filter>Dependencies\ImGui</Filter>
    </ClInclude>
    <ClInclude Include="include\imgui\imgui_impl_glfw.h">
      <Filter>Dependencies\ImGui</Filter>
    </ClInclude>
    <ClInclude Include="include\imgui\imgui_impl_opengl3.h">
      <Filter>Dependencies\ImGui</Filter>
    </ClInclude>
    <ClInclude Include="include\imgui\imgui_internal.h">
      <Filter>Dependencies\ImGui</Filter>
    </ClInclude>
    <ClInclude Include="include\imgui\imstb_rectpack.h">
      <Filter>Dependencies\ImGui</Filter>
    </ClInclude>
    <ClInclude Include="include\imgui\imstb_textedit.h">
      <Filter>Dependencies\ImGui</Filter>
    </ClInclude>
    <ClInclude Include="include\imgui\imstb_truetype.h">
      <Filter>Dependencies\ImGui</Filter>
    </ClInclude>
    <ClInclude Include="include\imgui\imconfig.h">
      <Filter>Dependencies\ImGui</Filter>
    </ClInclude>
    <ClInclude Include="include\imgui\imgui_impl_opengl3_loader.h">
      <Filter>Dependencies\ImGui</Filter>
    </ClInclude>
    <ClInclude Include="include\stb_image.h">
      <Filter>Dependencies</Filter>
    </ClInclude>
  </ItemGroup>
  <ItemGroup>
    <None Include="shaders\light.frag">
      <Filter>Shader Files</Filter>
    </None>
    <None Include="shaders\light.vert">
      <Filter>Shader Files</Filter>
    </None>
    <None Include="shaders\model.vert">
      <Filter>Shader Files</Filter>
    </None>
    <None Include="shaders\model.frag">
      <Filter>Shader Files</Filter>
    </None>
  </ItemGroup>
</Project>